lockfileVersion: '9.0'

settings:
  autoInstallPeers: true
  excludeLinksFromLockfile: false

importers:

  .:
    devDependencies:
      '@biomejs/biome':
        specifier: ^2.3.5
        version: 2.3.5
      turbo:
        specifier: ^2.6.1
        version: 2.6.1
      typescript:
        specifier: ^5.9.3
        version: 5.9.3

  apps/web:
    dependencies:
      '@mantine/core':
        specifier: ^8.3.8
        version: 8.3.8(@mantine/hooks@8.3.8(react@19.2.0))(@types/react@19.2.5)(react-dom@19.2.0(react@19.2.0))(react@19.2.0)
      '@mantine/hooks':
        specifier: ^8.3.8
        version: 8.3.8(react@19.2.0)
      '@mantine/notifications':
        specifier: ^8.3.8
        version: 8.3.8(@mantine/core@8.3.8(@mantine/hooks@8.3.8(react@19.2.0))(@types/react@19.2.5)(react-dom@19.2.0(react@19.2.0))(react@19.2.0))(@mantine/hooks@8.3.8(react@19.2.0))(react-dom@19.2.0(react@19.2.0))(react@19.2.0)
      '@tanstack/react-query':
        specifier: ^5.90.9
        version: 5.90.9(react@19.2.0)
      next:
        specifier: ^16.0.3
        version: 16.0.3(react-dom@19.2.0(react@19.2.0))(react@19.2.0)
      react:
        specifier: ^19.2.0
        version: 19.2.0
      react-dom:
        specifier: 19.2.0
        version: 19.2.0(react@19.2.0)
    devDependencies:
      '@types/node':
        specifier: ^24.10.1
        version: 24.10.1
      '@types/react':
        specifier: ^19.2.5
        version: 19.2.5
      '@types/react-dom':
        specifier: ^19.2.3
        version: 19.2.3(@types/react@19.2.5)
      postcss:
        specifier: ^8.5.6
        version: 8.5.6
      postcss-preset-mantine:
        specifier: ^1.18.0
        version: 1.18.0(postcss@8.5.6)
      postcss-simple-vars:
        specifier: ^7.0.1
        version: 7.0.1(postcss@8.5.6)
      typescript:
        specifier: ^5.9.3
        version: 5.9.3

  packages/api-client:
    devDependencies:
      openapi-typescript-codegen:
        specifier: ^0.29.0
        version: 0.29.0
      typescript:
        specifier: ^5.9.3
        version: 5.9.3

packages:

  '@apidevtools/json-schema-ref-parser@11.9.3':
    resolution: {integrity: sha512-60vepv88RwcJtSHrD6MjIL6Ta3SOYbgfnkHb+ppAVK+o9mXprRtulx7VlRl3lN3bbvysAfCS7WMVfhUYemB0IQ==}
    engines: {node: '>= 16'}

  '@babel/runtime@7.28.4':
    resolution: {integrity: sha512-Q/N6JNWvIvPnLDvjlE1OUBLPQHH6l3CltCEsHIujp45zQUSSh8K+gHnaEX45yAT1nyngnINhvWtzN+Nb9D8RAQ==}
    engines: {node: '>=6.9.0'}

  '@biomejs/biome@2.3.5':
    resolution: {integrity: sha512-HvLhNlIlBIbAV77VysRIBEwp55oM/QAjQEin74QQX9Xb259/XP/D5AGGnZMOyF1el4zcvlNYYR3AyTMUV3ILhg==}
    engines: {node: '>=14.21.3'}
    hasBin: true

  '@biomejs/cli-darwin-arm64@2.3.5':
    resolution: {integrity: sha512-fLdTur8cJU33HxHUUsii3GLx/TR0BsfQx8FkeqIiW33cGMtUD56fAtrh+2Fx1uhiCsVZlFh6iLKUU3pniZREQw==}
    engines: {node: '>=14.21.3'}
    cpu: [arm64]
    os: [darwin]

  '@biomejs/cli-darwin-x64@2.3.5':
    resolution: {integrity: sha512-qpT8XDqeUlzrOW8zb4k3tjhT7rmvVRumhi2657I2aGcY4B+Ft5fNwDdZGACzn8zj7/K1fdWjgwYE3i2mSZ+vOA==}
    engines: {node: '>=14.21.3'}
    cpu: [x64]
    os: [darwin]

  '@biomejs/cli-linux-arm64-musl@2.3.5':
    resolution: {integrity: sha512-eGUG7+hcLgGnMNl1KHVZUYxahYAhC462jF/wQolqu4qso2MSk32Q+QrpN7eN4jAHAg7FUMIo897muIhK4hXhqg==}
    engines: {node: '>=14.21.3'}
    cpu: [arm64]
    os: [linux]

  '@biomejs/cli-linux-arm64@2.3.5':
    resolution: {integrity: sha512-u/pybjTBPGBHB66ku4pK1gj+Dxgx7/+Z0jAriZISPX1ocTO8aHh8x8e7Kb1rB4Ms0nA/SzjtNOVJ4exVavQBCw==}
    engines: {node: '>=14.21.3'}
    cpu: [arm64]
    os: [linux]

  '@biomejs/cli-linux-x64-musl@2.3.5':
    resolution: {integrity: sha512-awVuycTPpVTH/+WDVnEEYSf6nbCBHf/4wB3lquwT7puhNg8R4XvonWNZzUsfHZrCkjkLhFH/vCZK5jHatD9FEg==}
    engines: {node: '>=14.21.3'}
    cpu: [x64]
    os: [linux]

  '@biomejs/cli-linux-x64@2.3.5':
    resolution: {integrity: sha512-XrIVi9YAW6ye0CGQ+yax0gLfx+BFOtKaNX74n+xHWla6Cl6huUmcKNO7HPx7BiKnJUzrxXY1qYlm7xMvi08X4g==}
    engines: {node: '>=14.21.3'}
    cpu: [x64]
    os: [linux]

  '@biomejs/cli-win32-arm64@2.3.5':
    resolution: {integrity: sha512-DlBiMlBZZ9eIq4H7RimDSGsYcOtfOIfZOaI5CqsWiSlbTfqbPVfWtCf92wNzx8GNMbu1s7/g3ZZESr6+GwM/SA==}
    engines: {node: '>=14.21.3'}
    cpu: [arm64]
    os: [win32]

  '@biomejs/cli-win32-x64@2.3.5':
    resolution: {integrity: sha512-nUmR8gb6yvrKhtRgzwo/gDimPwnO5a4sCydf8ZS2kHIJhEmSmk+STsusr1LHTuM//wXppBawvSQi2xFXJCdgKQ==}
    engines: {node: '>=14.21.3'}
    cpu: [x64]
    os: [win32]

  '@emnapi/runtime@1.7.1':
    resolution: {integrity: sha512-PVtJr5CmLwYAU9PZDMITZoR5iAOShYREoR45EyyLrbntV50mdePTgUn4AmOw90Ifcj+x2kRjdzr1HP3RrNiHGA==}

  '@floating-ui/core@1.7.3':
    resolution: {integrity: sha512-sGnvb5dmrJaKEZ+LDIpguvdX3bDlEllmv4/ClQ9awcmCZrlx5jQyyMWFM5kBI+EyNOCDDiKk8il0zeuX3Zlg/w==}

  '@floating-ui/dom@1.7.4':
    resolution: {integrity: sha512-OOchDgh4F2CchOX94cRVqhvy7b3AFb+/rQXyswmzmGakRfkMgoWVjfnLWkRirfLEfuD4ysVW16eXzwt3jHIzKA==}

  '@floating-ui/react-dom@2.1.6':
    resolution: {integrity: sha512-4JX6rEatQEvlmgU80wZyq9RT96HZJa88q8hp0pBd+LrczeDI4o6uA2M+uvxngVHo4Ihr8uibXxH6+70zhAFrVw==}
    peerDependencies:
      react: '>=16.8.0'
      react-dom: '>=16.8.0'

  '@floating-ui/react@0.27.16':
    resolution: {integrity: sha512-9O8N4SeG2z++TSM8QA/KTeKFBVCNEz/AGS7gWPJf6KFRzmRWixFRnCnkPHRDwSVZW6QPDO6uT0P2SpWNKCc9/g==}
    peerDependencies:
      react: '>=17.0.0'
      react-dom: '>=17.0.0'

  '@floating-ui/utils@0.2.10':
    resolution: {integrity: sha512-aGTxbpbg8/b5JfU1HXSrbH3wXZuLPJcNEcZQFMxLs3oSzgtVu6nFPkbbGGUvBcUjKV2YyB9Wxxabo+HEH9tcRQ==}

  '@img/colour@1.0.0':
    resolution: {integrity: sha512-A5P/LfWGFSl6nsckYtjw9da+19jB8hkJ6ACTGcDfEJ0aE+l2n2El7dsVM7UVHZQ9s2lmYMWlrS21YLy2IR1LUw==}
    engines: {node: '>=18'}

  '@img/sharp-darwin-arm64@0.34.5':
    resolution: {integrity: sha512-imtQ3WMJXbMY4fxb/Ndp6HBTNVtWCUI0WdobyheGf5+ad6xX8VIDO8u2xE4qc/fr08CKG/7dDseFtn6M6g/r3w==}
    engines: {node: ^18.17.0 || ^20.3.0 || >=21.0.0}
    cpu: [arm64]
    os: [darwin]

  '@img/sharp-darwin-x64@0.34.5':
    resolution: {integrity: sha512-YNEFAF/4KQ/PeW0N+r+aVVsoIY0/qxxikF2SWdp+NRkmMB7y9LBZAVqQ4yhGCm/H3H270OSykqmQMKLBhBJDEw==}
    engines: {node: ^18.17.0 || ^20.3.0 || >=21.0.0}
    cpu: [x64]
    os: [darwin]

  '@img/sharp-libvips-darwin-arm64@1.2.4':
    resolution: {integrity: sha512-zqjjo7RatFfFoP0MkQ51jfuFZBnVE2pRiaydKJ1G/rHZvnsrHAOcQALIi9sA5co5xenQdTugCvtb1cuf78Vf4g==}
    cpu: [arm64]
    os: [darwin]

  '@img/sharp-libvips-darwin-x64@1.2.4':
    resolution: {integrity: sha512-1IOd5xfVhlGwX+zXv2N93k0yMONvUlANylbJw1eTah8K/Jtpi15KC+WSiaX/nBmbm2HxRM1gZ0nSdjSsrZbGKg==}
    cpu: [x64]
    os: [darwin]

  '@img/sharp-libvips-linux-arm64@1.2.4':
    resolution: {integrity: sha512-excjX8DfsIcJ10x1Kzr4RcWe1edC9PquDRRPx3YVCvQv+U5p7Yin2s32ftzikXojb1PIFc/9Mt28/y+iRklkrw==}
    cpu: [arm64]
    os: [linux]

  '@img/sharp-libvips-linux-arm@1.2.4':
    resolution: {integrity: sha512-bFI7xcKFELdiNCVov8e44Ia4u2byA+l3XtsAj+Q8tfCwO6BQ8iDojYdvoPMqsKDkuoOo+X6HZA0s0q11ANMQ8A==}
    cpu: [arm]
    os: [linux]

  '@img/sharp-libvips-linux-ppc64@1.2.4':
    resolution: {integrity: sha512-FMuvGijLDYG6lW+b/UvyilUWu5Ayu+3r2d1S8notiGCIyYU/76eig1UfMmkZ7vwgOrzKzlQbFSuQfgm7GYUPpA==}
    cpu: [ppc64]
    os: [linux]

  '@img/sharp-libvips-linux-riscv64@1.2.4':
    resolution: {integrity: sha512-oVDbcR4zUC0ce82teubSm+x6ETixtKZBh/qbREIOcI3cULzDyb18Sr/Wcyx7NRQeQzOiHTNbZFF1UwPS2scyGA==}
    cpu: [riscv64]
    os: [linux]

  '@img/sharp-libvips-linux-s390x@1.2.4':
    resolution: {integrity: sha512-qmp9VrzgPgMoGZyPvrQHqk02uyjA0/QrTO26Tqk6l4ZV0MPWIW6LTkqOIov+J1yEu7MbFQaDpwdwJKhbJvuRxQ==}
    cpu: [s390x]
    os: [linux]

  '@img/sharp-libvips-linux-x64@1.2.4':
    resolution: {integrity: sha512-tJxiiLsmHc9Ax1bz3oaOYBURTXGIRDODBqhveVHonrHJ9/+k89qbLl0bcJns+e4t4rvaNBxaEZsFtSfAdquPrw==}
    cpu: [x64]
    os: [linux]

  '@img/sharp-libvips-linuxmusl-arm64@1.2.4':
    resolution: {integrity: sha512-FVQHuwx1IIuNow9QAbYUzJ+En8KcVm9Lk5+uGUQJHaZmMECZmOlix9HnH7n1TRkXMS0pGxIJokIVB9SuqZGGXw==}
    cpu: [arm64]
    os: [linux]

  '@img/sharp-libvips-linuxmusl-x64@1.2.4':
    resolution: {integrity: sha512-+LpyBk7L44ZIXwz/VYfglaX/okxezESc6UxDSoyo2Ks6Jxc4Y7sGjpgU9s4PMgqgjj1gZCylTieNamqA1MF7Dg==}
    cpu: [x64]
    os: [linux]

  '@img/sharp-linux-arm64@0.34.5':
    resolution: {integrity: sha512-bKQzaJRY/bkPOXyKx5EVup7qkaojECG6NLYswgktOZjaXecSAeCWiZwwiFf3/Y+O1HrauiE3FVsGxFg8c24rZg==}
    engines: {node: ^18.17.0 || ^20.3.0 || >=21.0.0}
    cpu: [arm64]
    os: [linux]

  '@img/sharp-linux-arm@0.34.5':
    resolution: {integrity: sha512-9dLqsvwtg1uuXBGZKsxem9595+ujv0sJ6Vi8wcTANSFpwV/GONat5eCkzQo/1O6zRIkh0m/8+5BjrRr7jDUSZw==}
    engines: {node: ^18.17.0 || ^20.3.0 || >=21.0.0}
    cpu: [arm]
    os: [linux]

  '@img/sharp-linux-ppc64@0.34.5':
    resolution: {integrity: sha512-7zznwNaqW6YtsfrGGDA6BRkISKAAE1Jo0QdpNYXNMHu2+0dTrPflTLNkpc8l7MUP5M16ZJcUvysVWWrMefZquA==}
    engines: {node: ^18.17.0 || ^20.3.0 || >=21.0.0}
    cpu: [ppc64]
    os: [linux]

  '@img/sharp-linux-riscv64@0.34.5':
    resolution: {integrity: sha512-51gJuLPTKa7piYPaVs8GmByo7/U7/7TZOq+cnXJIHZKavIRHAP77e3N2HEl3dgiqdD/w0yUfiJnII77PuDDFdw==}
    engines: {node: ^18.17.0 || ^20.3.0 || >=21.0.0}
    cpu: [riscv64]
    os: [linux]

  '@img/sharp-linux-s390x@0.34.5':
    resolution: {integrity: sha512-nQtCk0PdKfho3eC5MrbQoigJ2gd1CgddUMkabUj+rBevs8tZ2cULOx46E7oyX+04WGfABgIwmMC0VqieTiR4jg==}
    engines: {node: ^18.17.0 || ^20.3.0 || >=21.0.0}
    cpu: [s390x]
    os: [linux]

  '@img/sharp-linux-x64@0.34.5':
    resolution: {integrity: sha512-MEzd8HPKxVxVenwAa+JRPwEC7QFjoPWuS5NZnBt6B3pu7EG2Ge0id1oLHZpPJdn3OQK+BQDiw9zStiHBTJQQQQ==}
    engines: {node: ^18.17.0 || ^20.3.0 || >=21.0.0}
    cpu: [x64]
    os: [linux]

  '@img/sharp-linuxmusl-arm64@0.34.5':
    resolution: {integrity: sha512-fprJR6GtRsMt6Kyfq44IsChVZeGN97gTD331weR1ex1c1rypDEABN6Tm2xa1wE6lYb5DdEnk03NZPqA7Id21yg==}
    engines: {node: ^18.17.0 || ^20.3.0 || >=21.0.0}
    cpu: [arm64]
    os: [linux]

  '@img/sharp-linuxmusl-x64@0.34.5':
    resolution: {integrity: sha512-Jg8wNT1MUzIvhBFxViqrEhWDGzqymo3sV7z7ZsaWbZNDLXRJZoRGrjulp60YYtV4wfY8VIKcWidjojlLcWrd8Q==}
    engines: {node: ^18.17.0 || ^20.3.0 || >=21.0.0}
    cpu: [x64]
    os: [linux]

  '@img/sharp-wasm32@0.34.5':
    resolution: {integrity: sha512-OdWTEiVkY2PHwqkbBI8frFxQQFekHaSSkUIJkwzclWZe64O1X4UlUjqqqLaPbUpMOQk6FBu/HtlGXNblIs0huw==}
    engines: {node: ^18.17.0 || ^20.3.0 || >=21.0.0}
    cpu: [wasm32]

  '@img/sharp-win32-arm64@0.34.5':
    resolution: {integrity: sha512-WQ3AgWCWYSb2yt+IG8mnC6Jdk9Whs7O0gxphblsLvdhSpSTtmu69ZG1Gkb6NuvxsNACwiPV6cNSZNzt0KPsw7g==}
    engines: {node: ^18.17.0 || ^20.3.0 || >=21.0.0}
    cpu: [arm64]
    os: [win32]

  '@img/sharp-win32-ia32@0.34.5':
    resolution: {integrity: sha512-FV9m/7NmeCmSHDD5j4+4pNI8Cp3aW+JvLoXcTUo0IqyjSfAZJ8dIUmijx1qaJsIiU+Hosw6xM5KijAWRJCSgNg==}
    engines: {node: ^18.17.0 || ^20.3.0 || >=21.0.0}
    cpu: [ia32]
    os: [win32]

  '@img/sharp-win32-x64@0.34.5':
    resolution: {integrity: sha512-+29YMsqY2/9eFEiW93eqWnuLcWcufowXewwSNIT6UwZdUUCrM3oFjMWH/Z6/TMmb4hlFenmfAVbpWeup2jryCw==}
    engines: {node: ^18.17.0 || ^20.3.0 || >=21.0.0}
    cpu: [x64]
    os: [win32]

  '@jsdevtools/ono@7.1.3':
    resolution: {integrity: sha512-4JQNk+3mVzK3xh2rqd6RB4J46qUR19azEHBneZyTZM+c456qOrbbM/5xcR8huNCCcbVt7+UmizG6GuUvPvKUYg==}

  '@mantine/core@8.3.8':
    resolution: {integrity: sha512-UM3Za7Yl0FzbZ2zPgHwNyCpLgtSqkAi8ku13+gRS/6JB0FjwSkMwibERUqQIpwqAHdR5KNmIohjuqHu8guJowg==}
    peerDependencies:
      '@mantine/hooks': 8.3.8
      react: ^18.x || ^19.x
      react-dom: ^18.x || ^19.x

  '@mantine/hooks@8.3.8':
    resolution: {integrity: sha512-2YCUk5IWz+Ebi7VpbdscUz1MwulyaVPKr236ugMfpK0PFwsun4aBaLCAc8UeMGP0LtoSkuFvnsCPR4U6rhNfeQ==}
    peerDependencies:
      react: ^18.x || ^19.x

  '@mantine/notifications@8.3.8':
    resolution: {integrity: sha512-AS3UGnHO8UGzLpxe4cUIVpwpCoGKplWhMGm6E2hJoHnO4Wg0h3HlsR7drFEnDOZhaOMyD6MD9tAeWZ2/7rnvrw==}
    peerDependencies:
      '@mantine/core': 8.3.8
      '@mantine/hooks': 8.3.8
      react: ^18.x || ^19.x
      react-dom: ^18.x || ^19.x

  '@mantine/store@8.3.8':
    resolution: {integrity: sha512-B6LEed839OR2t9pnC7Bl3zhMyYzUvJZ46YaOpH9zCqLiFX+u4FKC+UCNzqkz2a+I+olrNlONLnrCA0NDTCjz9A==}
    peerDependencies:
      react: ^18.x || ^19.x

  '@next/env@16.0.3':
    resolution: {integrity: sha512-IqgtY5Vwsm14mm/nmQaRMmywCU+yyMIYfk3/MHZ2ZTJvwVbBn3usZnjMi1GacrMVzVcAxJShTCpZlPs26EdEjQ==}

  '@next/swc-darwin-arm64@16.0.3':
    resolution: {integrity: sha512-MOnbd92+OByu0p6QBAzq1ahVWzF6nyfiH07dQDez4/Nku7G249NjxDVyEfVhz8WkLiOEU+KFVnqtgcsfP2nLXg==}
    engines: {node: '>= 10'}
    cpu: [arm64]
    os: [darwin]

  '@next/swc-darwin-x64@16.0.3':
    resolution: {integrity: sha512-i70C4O1VmbTivYdRlk+5lj9xRc2BlK3oUikt3yJeHT1unL4LsNtN7UiOhVanFdc7vDAgZn1tV/9mQwMkWOJvHg==}
    engines: {node: '>= 10'}
    cpu: [x64]
    os: [darwin]

  '@next/swc-linux-arm64-gnu@16.0.3':
    resolution: {integrity: sha512-O88gCZ95sScwD00mn/AtalyCoykhhlokxH/wi1huFK+rmiP5LAYVs/i2ruk7xST6SuXN4NI5y4Xf5vepb2jf6A==}
    engines: {node: '>= 10'}
    cpu: [arm64]
    os: [linux]

  '@next/swc-linux-arm64-musl@16.0.3':
    resolution: {integrity: sha512-CEErFt78S/zYXzFIiv18iQCbRbLgBluS8z1TNDQoyPi8/Jr5qhR3e8XHAIxVxPBjDbEMITprqELVc5KTfFj0gg==}
    engines: {node: '>= 10'}
    cpu: [arm64]
    os: [linux]

  '@next/swc-linux-x64-gnu@16.0.3':
    resolution: {integrity: sha512-Tc3i+nwt6mQ+Dwzcri/WNDj56iWdycGVh5YwwklleClzPzz7UpfaMw1ci7bLl6GRYMXhWDBfe707EXNjKtiswQ==}
    engines: {node: '>= 10'}
    cpu: [x64]
    os: [linux]

  '@next/swc-linux-x64-musl@16.0.3':
    resolution: {integrity: sha512-zTh03Z/5PBBPdTurgEtr6nY0vI9KR9Ifp/jZCcHlODzwVOEKcKRBtQIGrkc7izFgOMuXDEJBmirwpGqdM/ZixA==}
    engines: {node: '>= 10'}
    cpu: [x64]
    os: [linux]

  '@next/swc-win32-arm64-msvc@16.0.3':
    resolution: {integrity: sha512-Jc1EHxtZovcJcg5zU43X3tuqzl/sS+CmLgjRP28ZT4vk869Ncm2NoF8qSTaL99gh6uOzgM99Shct06pSO6kA6g==}
    engines: {node: '>= 10'}
    cpu: [arm64]
    os: [win32]

  '@next/swc-win32-x64-msvc@16.0.3':
    resolution: {integrity: sha512-N7EJ6zbxgIYpI/sWNzpVKRMbfEGgsWuOIvzkML7wxAAZhPk1Msxuo/JDu1PKjWGrAoOLaZcIX5s+/pF5LIbBBg==}
    engines: {node: '>= 10'}
    cpu: [x64]
    os: [win32]

  '@swc/helpers@0.5.15':
    resolution: {integrity: sha512-JQ5TuMi45Owi4/BIMAJBoSQoOJu12oOk/gADqlcUL9JEdHB8vyjUSsxqeNXnmXHjYKMi2WcYtezGEEhqUI/E2g==}

  '@tanstack/query-core@5.90.9':
    resolution: {integrity: sha512-UFOCQzi6pRGeVTVlPNwNdnAvT35zugcIydqjvFUzG62dvz2iVjElmNp/hJkUoM5eqbUPfSU/GJIr/wbvD8bTUw==}

  '@tanstack/react-query@5.90.9':
    resolution: {integrity: sha512-Zke2AaXiaSfnG8jqPZR52m8SsclKT2d9//AgE/QIzyNvbpj/Q2ln+FsZjb1j69bJZUouBvX2tg9PHirkTm8arw==}
    peerDependencies:
      react: ^18 || ^19

  '@types/json-schema@7.0.15':
    resolution: {integrity: sha512-5+fP8P8MFNC+AyZCDxrB2pkZFPGzqQWUzpSeuuVLvm8VMcorNYavBqoFcxK8bQz4Qsbn4oUEEem4wDLfcysGHA==}

  '@types/node@24.10.1':
    resolution: {integrity: sha512-GNWcUTRBgIRJD5zj+Tq0fKOJ5XZajIiBroOF0yvj2bSU1WvNdYS/dn9UxwsujGW4JX06dnHyjV2y9rRaybH0iQ==}

  '@types/react-dom@19.2.3':
    resolution: {integrity: sha512-jp2L/eY6fn+KgVVQAOqYItbF0VY/YApe5Mz2F0aykSO8gx31bYCZyvSeYxCHKvzHG5eZjc+zyaS5BrBWya2+kQ==}
    peerDependencies:
      '@types/react': ^19.2.0

  '@types/react@19.2.5':
    resolution: {integrity: sha512-keKxkZMqnDicuvFoJbzrhbtdLSPhj/rZThDlKWCDbgXmUg0rEUFtRssDXKYmtXluZlIqiC5VqkCgRwzuyLHKHw==}

  argparse@2.0.1:
    resolution: {integrity: sha512-8+9WqebbFzpX9OR+Wa6O29asIogeRMzcGtAINdpMHHyAg10f05aSFVBbcEqGf/PXw1EjAZ+q2/bEBg3DvurK3Q==}

  camelcase-css@2.0.1:
    resolution: {integrity: sha512-QOSvevhslijgYwRx6Rv7zKdMF8lbRmx+uQGx2+vDc+KI/eBnsy9kit5aj23AgGu3pa4t9AgwbnXWqS+iOY+2aA==}
    engines: {node: '>= 6'}

  camelcase@6.3.0:
    resolution: {integrity: sha512-Gmy6FhYlCY7uOElZUSbxo2UCDH8owEk996gkbrpsgGtrJLM3J7jGxl9Ic7Qwwj4ivOE5AWZWRMecDdF7hqGjFA==}
    engines: {node: '>=10'}

  caniuse-lite@1.0.30001754:
    resolution: {integrity: sha512-x6OeBXueoAceOmotzx3PO4Zpt4rzpeIFsSr6AAePTZxSkXiYDUmpypEl7e2+8NCd9bD7bXjqyef8CJYPC1jfxg==}

  client-only@0.0.1:
    resolution: {integrity: sha512-IV3Ou0jSMzZrd3pZ48nLkT9DA7Ag1pnPzaiQhpW7c3RbcqqzvzzVu+L8gfqMp/8IM2MQtSiqaCxrrcfu8I8rMA==}

  clsx@2.1.1:
    resolution: {integrity: sha512-eYm0QWBtUrBWZWG0d386OGAw16Z995PiOVo2B7bjWSbHedGl5e0ZWaq65kOGgUSNesEIDkB9ISbTg/JK9dhCZA==}
    engines: {node: '>=6'}

  commander@12.1.0:
    resolution: {integrity: sha512-Vw8qHK3bZM9y/P10u3Vib8o/DdkvA2OtPtZvD871QKjy74Wj1WSKFILMPRPSdUSx5RFK1arlJzEtA4PkFgnbuA==}
    engines: {node: '>=18'}

  cssesc@3.0.0:
    resolution: {integrity: sha512-/Tb/JcjK111nNScGob5MNtsntNM1aCNUDipB/TkwZFhyDrrE47SOx/18wF2bbjgc3ZzCSKW1T5nt5EbFoAz/Vg==}
    engines: {node: '>=4'}
    hasBin: true

  csstype@3.2.1:
    resolution: {integrity: sha512-98XGutrXoh75MlgLihlNxAGbUuFQc7l1cqcnEZlLNKc0UrVdPndgmaDmYTDDh929VS/eqTZV0rozmhu2qqT1/g==}

  detect-libc@2.1.2:
    resolution: {integrity: sha512-Btj2BOOO83o3WyH59e8MgXsxEQVcarkUOpEYrubB0urwnN10yQ364rsiByU11nZlqWYZm05i/of7io4mzihBtQ==}
    engines: {node: '>=8'}

  detect-node-es@1.1.0:
    resolution: {integrity: sha512-ypdmJU/TbBby2Dxibuv7ZLW3Bs1QEmM7nHjEANfohJLvE0XVujisn1qPJcZxg+qDucsr+bP6fLD1rPS3AhJ7EQ==}

  dom-helpers@5.2.1:
    resolution: {integrity: sha512-nRCa7CK3VTrM2NmGkIy4cbK7IZlgBE/PYMn55rrXefr5xXDP0LdtfPnblFDoVdcAfslJ7or6iqAUnx0CCGIWQA==}

  fdir@6.5.0:
    resolution: {integrity: sha512-tIbYtZbucOs0BRGqPJkshJUYdL+SDH7dVM8gjy+ERp3WAUjLEFJE+02kanyHtwjWOnwrKYBiwAmM0p4kLJAnXg==}
    engines: {node: '>=12.0.0'}
    peerDependencies:
      picomatch: ^3 || ^4
    peerDependenciesMeta:
      picomatch:
        optional: true

  fs-extra@11.3.2:
    resolution: {integrity: sha512-Xr9F6z6up6Ws+NjzMCZc6WXg2YFRlrLP9NQDO3VQrWrfiojdhS56TzueT88ze0uBdCTwEIhQ3ptnmKeWGFAe0A==}
    engines: {node: '>=14.14'}

  get-nonce@1.0.1:
    resolution: {integrity: sha512-FJhYRoDaiatfEkUK8HKlicmu/3SGFD51q3itKDGoSTysQJBnfOcxU5GxnhE1E6soB76MbT0MBtnKJuXyAx+96Q==}
    engines: {node: '>=6'}

  graceful-fs@4.2.11:
    resolution: {integrity: sha512-RbJ5/jmFcNNCcDV5o9eTnBLJ/HszWV0P73bc+Ff4nS/rJj+YaS6IGyiOL0VoBYX+l1Wrl3k63h/KrH+nhJ0XvQ==}

  handlebars@4.7.8:
    resolution: {integrity: sha512-vafaFqs8MZkRrSX7sFVUdo3ap/eNiLnb4IakshzvP56X5Nr1iGKAIqdX6tMlm6HcNRIkr6AxO5jFEoJzzpT8aQ==}
    engines: {node: '>=0.4.7'}
    hasBin: true

  js-tokens@4.0.0:
    resolution: {integrity: sha512-RdJUflcE3cUzKiMqQgsCu06FPu9UdIJO0beYbPhHN4k6apgJtifcoCtT9bcxOpYBtpD2kCM6Sbzg4CausW/PKQ==}

  js-yaml@4.1.0:
    resolution: {integrity: sha512-wpxZs9NoxZaJESJGIZTyDEaYpl0FKSA+FB9aJiyemKhMwkxQg63h4T1KJgUGHpTqPDNRcmmYLugrRjJlBtWvRA==}
    hasBin: true

  jsonfile@6.2.0:
    resolution: {integrity: sha512-FGuPw30AdOIUTRMC2OMRtQV+jkVj2cfPqSeWXv1NEAJ1qZ5zb1X6z1mFhbfOB/iy3ssJCD+3KuZ8r8C3uVFlAg==}

  loose-envify@1.4.0:
    resolution: {integrity: sha512-lyuxPGr/Wfhrlem2CL/UcnUc1zcqKAImBDzukY7Y5F/yQiNdko6+fRLevlw1HgMySw7f611UIY408EtxRSoK3Q==}
    hasBin: true

  minimist@1.2.8:
    resolution: {integrity: sha512-2yyAR8qBkN3YuheJanUpWC5U3bb5osDywNB8RzDVlDwDHbocAJveqqj1u8+SVD7jkWT4yvsHCpWqqWqAxb0zCA==}

  nanoid@3.3.11:
    resolution: {integrity: sha512-N8SpfPUnUp1bK+PMYW8qSWdl9U+wwNWI4QKxOYDy9JAro3WMX7p2OeVRF9v+347pnakNevPmiHhNmZ2HbFA76w==}
    engines: {node: ^10 || ^12 || ^13.7 || ^14 || >=15.0.1}
    hasBin: true

  neo-async@2.6.2:
    resolution: {integrity: sha512-Yd3UES5mWCSqR+qNT93S3UoYUkqAZ9lLg8a7g9rimsWmYGK8cVToA4/sF3RrshdyV3sAGMXVUmpMYOw+dLpOuw==}

  next@16.0.3:
    resolution: {integrity: sha512-Ka0/iNBblPFcIubTA1Jjh6gvwqfjrGq1Y2MTI5lbjeLIAfmC+p5bQmojpRZqgHHVu5cG4+qdIiwXiBSm/8lZ3w==}
    engines: {node: '>=20.9.0'}
    hasBin: true
    peerDependencies:
      '@opentelemetry/api': ^1.1.0
      '@playwright/test': ^1.51.1
      babel-plugin-react-compiler: '*'
      react: ^18.2.0 || 19.0.0-rc-de68d2f4-20241204 || ^19.0.0
      react-dom: ^18.2.0 || 19.0.0-rc-de68d2f4-20241204 || ^19.0.0
      sass: ^1.3.0
    peerDependenciesMeta:
      '@opentelemetry/api':
        optional: true
      '@playwright/test':
        optional: true
      babel-plugin-react-compiler:
        optional: true
      sass:
        optional: true

  object-assign@4.1.1:
    resolution: {integrity: sha512-rJgTQnkUnH1sFw8yT6VSU3zD3sWmu6sZhIseY8VX+GRu3P6F7Fu+JNDoXfklElbLJSnc3FUQHVe4cU5hj+BcUg==}
    engines: {node: '>=0.10.0'}

  openapi-typescript-codegen@0.29.0:
    resolution: {integrity: sha512-/wC42PkD0LGjDTEULa/XiWQbv4E9NwLjwLjsaJ/62yOsoYhwvmBR31kPttn1DzQ2OlGe5stACcF/EIkZk43M6w==}
    hasBin: true

  picocolors@1.1.1:
    resolution: {integrity: sha512-xceH2snhtb5M9liqDsmEw56le376mTZkEX/jEb/RxNFyegNul7eNslCXP9FDj/Lcu0X8KEyMceP2ntpaHrDEVA==}

  picomatch@4.0.3:
    resolution: {integrity: sha512-5gTmgEY/sqK6gFXLIsQNH19lWb4ebPDLA4SdLP7dsWkIXHWlG66oPuVvXSGFPppYZz8ZDZq0dYYrbHfBCVUb1Q==}
    engines: {node: '>=12'}

  postcss-js@4.1.0:
    resolution: {integrity: sha512-oIAOTqgIo7q2EOwbhb8UalYePMvYoIeRY2YKntdpFQXNosSu3vLrniGgmH9OKs/qAkfoj5oB3le/7mINW1LCfw==}
    engines: {node: ^12 || ^14 || >= 16}
    peerDependencies:
      postcss: ^8.4.21

  postcss-mixins@12.1.2:
    resolution: {integrity: sha512-90pSxmZVfbX9e5xCv7tI5RV1mnjdf16y89CJKbf/hD7GyOz1FCxcYMl8ZYA8Hc56dbApTKKmU9HfvgfWdCxlwg==}
    engines: {node: ^20.0 || ^22.0 || >=24.0}
    peerDependencies:
      postcss: ^8.2.14

  postcss-nested@7.0.2:
    resolution: {integrity: sha512-5osppouFc0VR9/VYzYxO03VaDa3e8F23Kfd6/9qcZTUI8P58GIYlArOET2Wq0ywSl2o2PjELhYOFI4W7l5QHKw==}
    engines: {node: '>=18.0'}
    peerDependencies:
      postcss: ^8.2.14

  postcss-preset-mantine@1.18.0:
    resolution: {integrity: sha512-sP6/s1oC7cOtBdl4mw/IRKmKvYTuzpRrH/vT6v9enMU/EQEQ31eQnHcWtFghOXLH87AAthjL/Q75rLmin1oZoA==}
    peerDependencies:
      postcss: '>=8.0.0'

  postcss-selector-parser@7.1.0:
    resolution: {integrity: sha512-8sLjZwK0R+JlxlYcTuVnyT2v+htpdrjDOKuMcOVdYjt52Lh8hWRYpxBPoKx/Zg+bcjc3wx6fmQevMmUztS/ccA==}
    engines: {node: '>=4'}

  postcss-simple-vars@7.0.1:
    resolution: {integrity: sha512-5GLLXaS8qmzHMOjVxqkk1TZPf1jMqesiI7qLhnlyERalG0sMbHIbJqrcnrpmZdKCLglHnRHoEBB61RtGTsj++A==}
    engines: {node: '>=14.0'}
    peerDependencies:
      postcss: ^8.2.1

  postcss@8.4.31:
    resolution: {integrity: sha512-PS08Iboia9mts/2ygV3eLpY5ghnUcfLV/EXTOW1E2qYxJKGGBUtNjN76FYHnMs36RmARn41bC0AZmn+rR0OVpQ==}
    engines: {node: ^10 || ^12 || >=14}

  postcss@8.5.6:
    resolution: {integrity: sha512-3Ybi1tAuwAP9s0r1UQ2J4n5Y0G05bJkpUIO0/bI9MhwmD70S5aTWbXGBwxHrelT+XM1k6dM0pk+SwNkpTRN7Pg==}
    engines: {node: ^10 || ^12 || >=14}

  prop-types@15.8.1:
    resolution: {integrity: sha512-oj87CgZICdulUohogVAR7AjlC0327U4el4L6eAvOqCeudMDVU0NThNaV+b9Df4dXgSP1gXMTnPdhfe/2qDH5cg==}

  react-dom@19.2.0:
    resolution: {integrity: sha512-UlbRu4cAiGaIewkPyiRGJk0imDN2T3JjieT6spoL2UeSf5od4n5LB/mQ4ejmxhCFT1tYe8IvaFulzynWovsEFQ==}
    peerDependencies:
      react: ^19.2.0

  react-is@16.13.1:
    resolution: {integrity: sha512-24e6ynE2H+OKt4kqsOvNd8kBpV65zoxbA4BVsEOB3ARVWQki/DHzaUoC5KuON/BiccDaCCTZBuOcfZs70kR8bQ==}

  react-number-format@5.4.4:
    resolution: {integrity: sha512-wOmoNZoOpvMminhifQYiYSTCLUDOiUbBunrMrMjA+dV52sY+vck1S4UhR6PkgnoCquvvMSeJjErXZ4qSaWCliA==}
    peerDependencies:
      react: ^0.14 || ^15.0.0 || ^16.0.0 || ^17.0.0 || ^18.0.0 || ^19.0.0
      react-dom: ^0.14 || ^15.0.0 || ^16.0.0 || ^17.0.0 || ^18.0.0 || ^19.0.0

  react-remove-scroll-bar@2.3.8:
    resolution: {integrity: sha512-9r+yi9+mgU33AKcj6IbT9oRCO78WriSj6t/cF8DWBZJ9aOGPOTEDvdUDz1FwKim7QXWwmHqtdHnRJfhAxEG46Q==}
    engines: {node: '>=10'}
    peerDependencies:
      '@types/react': '*'
      react: ^16.8.0 || ^17.0.0 || ^18.0.0 || ^19.0.0
    peerDependenciesMeta:
      '@types/react':
        optional: true

  react-remove-scroll@2.7.1:
    resolution: {integrity: sha512-HpMh8+oahmIdOuS5aFKKY6Pyog+FNaZV/XyJOq7b4YFwsFHe5yYfdbIalI4k3vU2nSDql7YskmUseHsRrJqIPA==}
    engines: {node: '>=10'}
    peerDependencies:
      '@types/react': '*'
      react: ^16.8.0 || ^17.0.0 || ^18.0.0 || ^19.0.0 || ^19.0.0-rc
    peerDependenciesMeta:
      '@types/react':
        optional: true

  react-style-singleton@2.2.3:
    resolution: {integrity: sha512-b6jSvxvVnyptAiLjbkWLE/lOnR4lfTtDAl+eUC7RZy+QQWc6wRzIV2CE6xBuMmDxc2qIihtDCZD5NPOFl7fRBQ==}
    engines: {node: '>=10'}
    peerDependencies:
      '@types/react': '*'
      react: ^16.8.0 || ^17.0.0 || ^18.0.0 || ^19.0.0 || ^19.0.0-rc
    peerDependenciesMeta:
      '@types/react':
        optional: true

  react-textarea-autosize@8.5.9:
    resolution: {integrity: sha512-U1DGlIQN5AwgjTyOEnI1oCcMuEr1pv1qOtklB2l4nyMGbHzWrI0eFsYK0zos2YWqAolJyG0IWJaqWmWj5ETh0A==}
    engines: {node: '>=10'}
    peerDependencies:
      react: ^16.8.0 || ^17.0.0 || ^18.0.0 || ^19.0.0

  react-transition-group@4.4.5:
    resolution: {integrity: sha512-pZcd1MCJoiKiBR2NRxeCRg13uCXbydPnmB4EOeRrY7480qNWO8IIgQG6zlDkm6uRMsURXPuKq0GWtiM59a5Q6g==}
    peerDependencies:
      react: '>=16.6.0'
      react-dom: '>=16.6.0'

  react@19.2.0:
    resolution: {integrity: sha512-tmbWg6W31tQLeB5cdIBOicJDJRR2KzXsV7uSK9iNfLWQ5bIZfxuPEHp7M8wiHyHnn0DD1i7w3Zmin0FtkrwoCQ==}
    engines: {node: '>=0.10.0'}

  scheduler@0.27.0:
    resolution: {integrity: sha512-eNv+WrVbKu1f3vbYJT/xtiF5syA5HPIMtf9IgY/nKg0sWqzAUEvqY/xm7OcZc/qafLx/iO9FgOmeSAp4v5ti/Q==}

  semver@7.7.3:
    resolution: {integrity: sha512-SdsKMrI9TdgjdweUSR9MweHA4EJ8YxHn8DFaDisvhVlUOe4BF1tLD7GAj0lIqWVl+dPb/rExr0Btby5loQm20Q==}
    engines: {node: '>=10'}
    hasBin: true

  sharp@0.34.5:
    resolution: {integrity: sha512-Ou9I5Ft9WNcCbXrU9cMgPBcCK8LiwLqcbywW3t4oDV37n1pzpuNLsYiAV8eODnjbtQlSDwZ2cUEeQz4E54Hltg==}
    engines: {node: ^18.17.0 || ^20.3.0 || >=21.0.0}

  source-map-js@1.2.1:
    resolution: {integrity: sha512-UXWMKhLOwVKb728IUtQPXxfYU+usdybtUrK/8uGE8CQMvrhOpwvzDBwj0QhSL7MQc7vIsISBG8VQ8+IDQxpfQA==}
    engines: {node: '>=0.10.0'}

  source-map@0.6.1:
    resolution: {integrity: sha512-UjgapumWlbMhkBgzT7Ykc5YXUT46F0iKu8SGXq0bcwP5dz/h0Plj6enJqjz1Zbq2l5WaqYnrVbwWOWMyF3F47g==}
    engines: {node: '>=0.10.0'}

  styled-jsx@5.1.6:
    resolution: {integrity: sha512-qSVyDTeMotdvQYoHWLNGwRFJHC+i+ZvdBRYosOFgC+Wg1vx4frN2/RG/NA7SYqqvKNLf39P2LSRA2pu6n0XYZA==}
    engines: {node: '>= 12.0.0'}
    peerDependencies:
      '@babel/core': '*'
      babel-plugin-macros: '*'
      react: '>= 16.8.0 || 17.x.x || ^18.0.0-0 || ^19.0.0-0'
    peerDependenciesMeta:
      '@babel/core':
        optional: true
      babel-plugin-macros:
        optional: true

  sugarss@5.0.1:
    resolution: {integrity: sha512-ctS5RYCBVvPoZAnzIaX5QSShK8ZiZxD5HUqSxlusvEMC+QZQIPCPOIJg6aceFX+K2rf4+SH89eu++h1Zmsr2nw==}
    engines: {node: '>=18.0'}
    peerDependencies:
      postcss: ^8.3.3

  tabbable@6.3.0:
    resolution: {integrity: sha512-EIHvdY5bPLuWForiR/AN2Bxngzpuwn1is4asboytXtpTgsArc+WmSJKVLlhdh71u7jFcryDqB2A8lQvj78MkyQ==}

  tinyglobby@0.2.15:
    resolution: {integrity: sha512-j2Zq4NyQYG5XMST4cbs02Ak8iJUdxRM0XI5QyxXuZOzKOINmWurp3smXu3y5wDcJrptwpSjgXHzIQxR0omXljQ==}
    engines: {node: '>=12.0.0'}

  tslib@2.8.1:
    resolution: {integrity: sha512-oJFu94HQb+KVduSUQL7wnpmqnfmLsOA/nAh6b6EH0wCEoK0/mPeXU6c3wKDV83MkOuHPRHtSXKKU99IBazS/2w==}

  turbo-darwin-64@2.6.1:
    resolution: {integrity: sha512-Dm0HwhyZF4J0uLqkhUyCVJvKM9Rw7M03v3J9A7drHDQW0qAbIGBrUijQ8g4Q9Cciw/BXRRd8Uzkc3oue+qn+ZQ==}
    cpu: [x64]
    os: [darwin]

  turbo-darwin-arm64@2.6.1:
    resolution: {integrity: sha512-U0PIPTPyxdLsrC3jN7jaJUwgzX5sVUBsKLO7+6AL+OASaa1NbT1pPdiZoTkblBAALLP76FM0LlnsVQOnmjYhyw==}
    cpu: [arm64]
    os: [darwin]

  turbo-linux-64@2.6.1:
    resolution: {integrity: sha512-eM1uLWgzv89bxlK29qwQEr9xYWBhmO/EGiH22UGfq+uXr+QW1OvNKKMogSN65Ry8lElMH4LZh0aX2DEc7eC0Mw==}
    cpu: [x64]
    os: [linux]

  turbo-linux-arm64@2.6.1:
    resolution: {integrity: sha512-MFFh7AxAQAycXKuZDrbeutfWM5Ep0CEZ9u7zs4Hn2FvOViTCzIfEhmuJou3/a5+q5VX1zTxQrKGy+4Lf5cdpsA==}
    cpu: [arm64]
    os: [linux]

  turbo-windows-64@2.6.1:
    resolution: {integrity: sha512-buq7/VAN7KOjMYi4tSZT5m+jpqyhbRU2EUTTvp6V0Ii8dAkY2tAAjQN1q5q2ByflYWKecbQNTqxmVploE0LVwQ==}
    cpu: [x64]
    os: [win32]

  turbo-windows-arm64@2.6.1:
    resolution: {integrity: sha512-7w+AD5vJp3R+FB0YOj1YJcNcOOvBior7bcHTodqp90S3x3bLgpr7tE6xOea1e8JkP7GK6ciKVUpQvV7psiwU5Q==}
    cpu: [arm64]
    os: [win32]

  turbo@2.6.1:
    resolution: {integrity: sha512-qBwXXuDT3rA53kbNafGbT5r++BrhRgx3sAo0cHoDAeG9g1ItTmUMgltz3Hy7Hazy1ODqNpR+C7QwqL6DYB52yA==}
    hasBin: true

  type-fest@4.41.0:
    resolution: {integrity: sha512-TeTSQ6H5YHvpqVwBRcnLDCBnDOHWYu7IvGbHT6N8AOymcr9PJGjc1GTtiWZTYg0NCgYwvnYWEkVChQAr9bjfwA==}
    engines: {node: '>=16'}

  typescript@5.9.3:
    resolution: {integrity: sha512-jl1vZzPDinLr9eUt3J/t7V6FgNEw9QjvBPdysz9KfQDD41fQrC2Y4vKQdiaUpFT4bXlb1RHhLpp8wtm6M5TgSw==}
    engines: {node: '>=14.17'}
    hasBin: true

  uglify-js@3.19.3:
    resolution: {integrity: sha512-v3Xu+yuwBXisp6QYTcH4UbH+xYJXqnq2m/LtQVWKWzYc1iehYnLixoQDN9FH6/j9/oybfd6W9Ghwkl8+UMKTKQ==}
    engines: {node: '>=0.8.0'}
    hasBin: true

  undici-types@7.16.0:
    resolution: {integrity: sha512-Zz+aZWSj8LE6zoxD+xrjh4VfkIG8Ya6LvYkZqtUQGJPZjYl53ypCaUwWqo7eI0x66KBGeRo+mlBEkMSeSZ38Nw==}

  universalify@2.0.1:
    resolution: {integrity: sha512-gptHNQghINnc/vTGIk0SOFGFNXw7JVrlRUtConJRlvaw6DuX0wO5Jeko9sWrMBhh+PsYAZ7oXAiOnf/UKogyiw==}
    engines: {node: '>= 10.0.0'}

  use-callback-ref@1.3.3:
    resolution: {integrity: sha512-jQL3lRnocaFtu3V00JToYz/4QkNWswxijDaCVNZRiRTO3HQDLsdu1ZtmIUvV4yPp+rvWm5j0y0TG/S61cuijTg==}
    engines: {node: '>=10'}
    peerDependencies:
      '@types/react': '*'
      react: ^16.8.0 || ^17.0.0 || ^18.0.0 || ^19.0.0 || ^19.0.0-rc
    peerDependenciesMeta:
      '@types/react':
        optional: true

  use-composed-ref@1.4.0:
    resolution: {integrity: sha512-djviaxuOOh7wkj0paeO1Q/4wMZ8Zrnag5H6yBvzN7AKKe8beOaED9SF5/ByLqsku8NP4zQqsvM2u3ew/tJK8/w==}
    peerDependencies:
      '@types/react': '*'
      react: ^16.8.0 || ^17.0.0 || ^18.0.0 || ^19.0.0
    peerDependenciesMeta:
      '@types/react':
        optional: true

  use-isomorphic-layout-effect@1.2.1:
    resolution: {integrity: sha512-tpZZ+EX0gaghDAiFR37hj5MgY6ZN55kLiPkJsKxBMZ6GZdOSPJXiOzPM984oPYZ5AnehYx5WQp1+ME8I/P/pRA==}
    peerDependencies:
      '@types/react': '*'
      react: ^16.8.0 || ^17.0.0 || ^18.0.0 || ^19.0.0
    peerDependenciesMeta:
      '@types/react':
        optional: true

  use-latest@1.3.0:
    resolution: {integrity: sha512-mhg3xdm9NaM8q+gLT8KryJPnRFOz1/5XPBhmDEVZK1webPzDjrPk7f/mbpeLqTgB9msytYWANxgALOCJKnLvcQ==}
    peerDependencies:
      '@types/react': '*'
      react: ^16.8.0 || ^17.0.0 || ^18.0.0 || ^19.0.0
    peerDependenciesMeta:
      '@types/react':
        optional: true

  use-sidecar@1.1.3:
    resolution: {integrity: sha512-Fedw0aZvkhynoPYlA5WXrMCAMm+nSWdZt6lzJQ7Ok8S6Q+VsHmHpRWndVRJ8Be0ZbkfPc5LRYH+5XrzXcEeLRQ==}
    engines: {node: '>=10'}
    peerDependencies:
      '@types/react': '*'
      react: ^16.8.0 || ^17.0.0 || ^18.0.0 || ^19.0.0 || ^19.0.0-rc
    peerDependenciesMeta:
      '@types/react':
        optional: true

  util-deprecate@1.0.2:
    resolution: {integrity: sha512-EPD5q1uXyFxJpCrLnCc1nHnq3gOa6DZBocAIiI2TaSCA7VCJ1UJDMagCzIkXNsUYfD1daK//LTEQ8xiIbrHtcw==}

  wordwrap@1.0.0:
    resolution: {integrity: sha512-gvVzJFlPycKc5dZN4yPkP8w7Dc37BtP1yczEneOb4uq34pXZcvrtRTmWV8W+Ume+XCxKgbjM+nevkyFPMybd4Q==}

snapshots:

  '@apidevtools/json-schema-ref-parser@11.9.3':
    dependencies:
      '@jsdevtools/ono': 7.1.3
      '@types/json-schema': 7.0.15
      js-yaml: 4.1.0

  '@babel/runtime@7.28.4': {}

  '@biomejs/biome@2.3.5':
    optionalDependencies:
      '@biomejs/cli-darwin-arm64': 2.3.5
      '@biomejs/cli-darwin-x64': 2.3.5
      '@biomejs/cli-linux-arm64': 2.3.5
      '@biomejs/cli-linux-arm64-musl': 2.3.5
      '@biomejs/cli-linux-x64': 2.3.5
      '@biomejs/cli-linux-x64-musl': 2.3.5
      '@biomejs/cli-win32-arm64': 2.3.5
      '@biomejs/cli-win32-x64': 2.3.5

  '@biomejs/cli-darwin-arm64@2.3.5':
    optional: true

  '@biomejs/cli-darwin-x64@2.3.5':
    optional: true

  '@biomejs/cli-linux-arm64-musl@2.3.5':
    optional: true

  '@biomejs/cli-linux-arm64@2.3.5':
    optional: true

  '@biomejs/cli-linux-x64-musl@2.3.5':
    optional: true

  '@biomejs/cli-linux-x64@2.3.5':
    optional: true

  '@biomejs/cli-win32-arm64@2.3.5':
    optional: true

  '@biomejs/cli-win32-x64@2.3.5':
    optional: true

  '@emnapi/runtime@1.7.1':
    dependencies:
      tslib: 2.8.1
    optional: true

  '@floating-ui/core@1.7.3':
    dependencies:
      '@floating-ui/utils': 0.2.10

  '@floating-ui/dom@1.7.4':
    dependencies:
      '@floating-ui/core': 1.7.3
      '@floating-ui/utils': 0.2.10

  '@floating-ui/react-dom@2.1.6(react-dom@19.2.0(react@19.2.0))(react@19.2.0)':
    dependencies:
      '@floating-ui/dom': 1.7.4
      react: 19.2.0
      react-dom: 19.2.0(react@19.2.0)

  '@floating-ui/react@0.27.16(react-dom@19.2.0(react@19.2.0))(react@19.2.0)':
    dependencies:
      '@floating-ui/react-dom': 2.1.6(react-dom@19.2.0(react@19.2.0))(react@19.2.0)
      '@floating-ui/utils': 0.2.10
      react: 19.2.0
      react-dom: 19.2.0(react@19.2.0)
      tabbable: 6.3.0

  '@floating-ui/utils@0.2.10': {}

  '@img/colour@1.0.0':
    optional: true

  '@img/sharp-darwin-arm64@0.34.5':
    optionalDependencies:
      '@img/sharp-libvips-darwin-arm64': 1.2.4
    optional: true

  '@img/sharp-darwin-x64@0.34.5':
    optionalDependencies:
      '@img/sharp-libvips-darwin-x64': 1.2.4
    optional: true

  '@img/sharp-libvips-darwin-arm64@1.2.4':
    optional: true

  '@img/sharp-libvips-darwin-x64@1.2.4':
    optional: true

  '@img/sharp-libvips-linux-arm64@1.2.4':
    optional: true

  '@img/sharp-libvips-linux-arm@1.2.4':
    optional: true

  '@img/sharp-libvips-linux-ppc64@1.2.4':
    optional: true

  '@img/sharp-libvips-linux-riscv64@1.2.4':
    optional: true

  '@img/sharp-libvips-linux-s390x@1.2.4':
    optional: true

  '@img/sharp-libvips-linux-x64@1.2.4':
    optional: true

  '@img/sharp-libvips-linuxmusl-arm64@1.2.4':
    optional: true

  '@img/sharp-libvips-linuxmusl-x64@1.2.4':
    optional: true

  '@img/sharp-linux-arm64@0.34.5':
    optionalDependencies:
      '@img/sharp-libvips-linux-arm64': 1.2.4
    optional: true

  '@img/sharp-linux-arm@0.34.5':
    optionalDependencies:
      '@img/sharp-libvips-linux-arm': 1.2.4
    optional: true

  '@img/sharp-linux-ppc64@0.34.5':
    optionalDependencies:
      '@img/sharp-libvips-linux-ppc64': 1.2.4
    optional: true

  '@img/sharp-linux-riscv64@0.34.5':
    optionalDependencies:
      '@img/sharp-libvips-linux-riscv64': 1.2.4
    optional: true

  '@img/sharp-linux-s390x@0.34.5':
    optionalDependencies:
      '@img/sharp-libvips-linux-s390x': 1.2.4
    optional: true

  '@img/sharp-linux-x64@0.34.5':
    optionalDependencies:
      '@img/sharp-libvips-linux-x64': 1.2.4
    optional: true

  '@img/sharp-linuxmusl-arm64@0.34.5':
    optionalDependencies:
      '@img/sharp-libvips-linuxmusl-arm64': 1.2.4
    optional: true

  '@img/sharp-linuxmusl-x64@0.34.5':
    optionalDependencies:
      '@img/sharp-libvips-linuxmusl-x64': 1.2.4
    optional: true

  '@img/sharp-wasm32@0.34.5':
    dependencies:
      '@emnapi/runtime': 1.7.1
    optional: true

  '@img/sharp-win32-arm64@0.34.5':
    optional: true

  '@img/sharp-win32-ia32@0.34.5':
    optional: true

  '@img/sharp-win32-x64@0.34.5':
    optional: true

  '@jsdevtools/ono@7.1.3': {}

  '@mantine/core@8.3.8(@mantine/hooks@8.3.8(react@19.2.0))(@types/react@19.2.5)(react-dom@19.2.0(react@19.2.0))(react@19.2.0)':
    dependencies:
      '@floating-ui/react': 0.27.16(react-dom@19.2.0(react@19.2.0))(react@19.2.0)
      '@mantine/hooks': 8.3.8(react@19.2.0)
      clsx: 2.1.1
      react: 19.2.0
      react-dom: 19.2.0(react@19.2.0)
      react-number-format: 5.4.4(react-dom@19.2.0(react@19.2.0))(react@19.2.0)
      react-remove-scroll: 2.7.1(@types/react@19.2.5)(react@19.2.0)
      react-textarea-autosize: 8.5.9(@types/react@19.2.5)(react@19.2.0)
      type-fest: 4.41.0
    transitivePeerDependencies:
      - '@types/react'

  '@mantine/hooks@8.3.8(react@19.2.0)':
    dependencies:
      react: 19.2.0

  '@mantine/notifications@8.3.8(@mantine/core@8.3.8(@mantine/hooks@8.3.8(react@19.2.0))(@types/react@19.2.5)(react-dom@19.2.0(react@19.2.0))(react@19.2.0))(@mantine/hooks@8.3.8(react@19.2.0))(react-dom@19.2.0(react@19.2.0))(react@19.2.0)':
    dependencies:
      '@mantine/core': 8.3.8(@mantine/hooks@8.3.8(react@19.2.0))(@types/react@19.2.5)(react-dom@19.2.0(react@19.2.0))(react@19.2.0)
      '@mantine/hooks': 8.3.8(react@19.2.0)
      '@mantine/store': 8.3.8(react@19.2.0)
      react: 19.2.0
      react-dom: 19.2.0(react@19.2.0)
      react-transition-group: 4.4.5(react-dom@19.2.0(react@19.2.0))(react@19.2.0)

  '@mantine/store@8.3.8(react@19.2.0)':
    dependencies:
      react: 19.2.0

  '@next/env@16.0.3': {}

  '@next/swc-darwin-arm64@16.0.3':
    optional: true

  '@next/swc-darwin-x64@16.0.3':
    optional: true

  '@next/swc-linux-arm64-gnu@16.0.3':
    optional: true

  '@next/swc-linux-arm64-musl@16.0.3':
    optional: true

  '@next/swc-linux-x64-gnu@16.0.3':
    optional: true

  '@next/swc-linux-x64-musl@16.0.3':
    optional: true

  '@next/swc-win32-arm64-msvc@16.0.3':
    optional: true

  '@next/swc-win32-x64-msvc@16.0.3':
    optional: true

  '@swc/helpers@0.5.15':
    dependencies:
      tslib: 2.8.1

  '@tanstack/query-core@5.90.9': {}

  '@tanstack/react-query@5.90.9(react@19.2.0)':
    dependencies:
      '@tanstack/query-core': 5.90.9
      react: 19.2.0

  '@types/json-schema@7.0.15': {}

  '@types/node@24.10.1':
    dependencies:
      undici-types: 7.16.0

  '@types/react-dom@19.2.3(@types/react@19.2.5)':
    dependencies:
      '@types/react': 19.2.5

  '@types/react@19.2.5':
    dependencies:
      csstype: 3.2.1

  argparse@2.0.1: {}

  camelcase-css@2.0.1: {}

  camelcase@6.3.0: {}

  caniuse-lite@1.0.30001754: {}

  client-only@0.0.1: {}

  clsx@2.1.1: {}

  commander@12.1.0: {}

  cssesc@3.0.0: {}

  csstype@3.2.1: {}

  detect-libc@2.1.2:
    optional: true

  detect-node-es@1.1.0: {}

  dom-helpers@5.2.1:
    dependencies:
      '@babel/runtime': 7.28.4
      csstype: 3.2.1

  fdir@6.5.0(picomatch@4.0.3):
    optionalDependencies:
      picomatch: 4.0.3

  fs-extra@11.3.2:
    dependencies:
      graceful-fs: 4.2.11
      jsonfile: 6.2.0
      universalify: 2.0.1

  get-nonce@1.0.1: {}

  graceful-fs@4.2.11: {}

  handlebars@4.7.8:
    dependencies:
      minimist: 1.2.8
      neo-async: 2.6.2
      source-map: 0.6.1
      wordwrap: 1.0.0
    optionalDependencies:
      uglify-js: 3.19.3

  js-tokens@4.0.0: {}

  js-yaml@4.1.0:
    dependencies:
      argparse: 2.0.1

  jsonfile@6.2.0:
    dependencies:
      universalify: 2.0.1
    optionalDependencies:
      graceful-fs: 4.2.11

  loose-envify@1.4.0:
    dependencies:
      js-tokens: 4.0.0

  minimist@1.2.8: {}

  nanoid@3.3.11: {}

  neo-async@2.6.2: {}

  next@16.0.3(react-dom@19.2.0(react@19.2.0))(react@19.2.0):
    dependencies:
      '@next/env': 16.0.3
      '@swc/helpers': 0.5.15
      caniuse-lite: 1.0.30001754
      postcss: 8.4.31
      react: 19.2.0
      react-dom: 19.2.0(react@19.2.0)
      styled-jsx: 5.1.6(react@19.2.0)
    optionalDependencies:
      '@next/swc-darwin-arm64': 16.0.3
      '@next/swc-darwin-x64': 16.0.3
      '@next/swc-linux-arm64-gnu': 16.0.3
      '@next/swc-linux-arm64-musl': 16.0.3
      '@next/swc-linux-x64-gnu': 16.0.3
      '@next/swc-linux-x64-musl': 16.0.3
      '@next/swc-win32-arm64-msvc': 16.0.3
      '@next/swc-win32-x64-msvc': 16.0.3
      sharp: 0.34.5
    transitivePeerDependencies:
      - '@babel/core'
      - babel-plugin-macros

  object-assign@4.1.1: {}

  openapi-typescript-codegen@0.29.0:
    dependencies:
      '@apidevtools/json-schema-ref-parser': 11.9.3
      camelcase: 6.3.0
      commander: 12.1.0
      fs-extra: 11.3.2
      handlebars: 4.7.8

  picocolors@1.1.1: {}

  picomatch@4.0.3: {}

  postcss-js@4.1.0(postcss@8.5.6):
    dependencies:
      camelcase-css: 2.0.1
      postcss: 8.5.6

  postcss-mixins@12.1.2(postcss@8.5.6):
    dependencies:
      postcss: 8.5.6
      postcss-js: 4.1.0(postcss@8.5.6)
      postcss-simple-vars: 7.0.1(postcss@8.5.6)
      sugarss: 5.0.1(postcss@8.5.6)
      tinyglobby: 0.2.15

  postcss-nested@7.0.2(postcss@8.5.6):
    dependencies:
      postcss: 8.5.6
      postcss-selector-parser: 7.1.0

  postcss-preset-mantine@1.18.0(postcss@8.5.6):
    dependencies:
      postcss: 8.5.6
      postcss-mixins: 12.1.2(postcss@8.5.6)
      postcss-nested: 7.0.2(postcss@8.5.6)

  postcss-selector-parser@7.1.0:
    dependencies:
      cssesc: 3.0.0
      util-deprecate: 1.0.2

  postcss-simple-vars@7.0.1(postcss@8.5.6):
    dependencies:
      postcss: 8.5.6

  postcss@8.4.31:
    dependencies:
      nanoid: 3.3.11
      picocolors: 1.1.1
      source-map-js: 1.2.1

  postcss@8.5.6:
    dependencies:
      nanoid: 3.3.11
      picocolors: 1.1.1
      source-map-js: 1.2.1

  prop-types@15.8.1:
    dependencies:
      loose-envify: 1.4.0
      object-assign: 4.1.1
      react-is: 16.13.1

  react-dom@19.2.0(react@19.2.0):
    dependencies:
      react: 19.2.0
      scheduler: 0.27.0

  react-is@16.13.1: {}

  react-number-format@5.4.4(react-dom@19.2.0(react@19.2.0))(react@19.2.0):
    dependencies:
      react: 19.2.0
      react-dom: 19.2.0(react@19.2.0)

  react-remove-scroll-bar@2.3.8(@types/react@19.2.5)(react@19.2.0):
    dependencies:
      react: 19.2.0
      react-style-singleton: 2.2.3(@types/react@19.2.5)(react@19.2.0)
      tslib: 2.8.1
    optionalDependencies:
      '@types/react': 19.2.5

  react-remove-scroll@2.7.1(@types/react@19.2.5)(react@19.2.0):
    dependencies:
      react: 19.2.0
      react-remove-scroll-bar: 2.3.8(@types/react@19.2.5)(react@19.2.0)
      react-style-singleton: 2.2.3(@types/react@19.2.5)(react@19.2.0)
      tslib: 2.8.1
      use-callback-ref: 1.3.3(@types/react@19.2.5)(react@19.2.0)
      use-sidecar: 1.1.3(@types/react@19.2.5)(react@19.2.0)
    optionalDependencies:
      '@types/react': 19.2.5

  react-style-singleton@2.2.3(@types/react@19.2.5)(react@19.2.0):
    dependencies:
      get-nonce: 1.0.1
      react: 19.2.0
      tslib: 2.8.1
    optionalDependencies:
      '@types/react': 19.2.5

  react-textarea-autosize@8.5.9(@types/react@19.2.5)(react@19.2.0):
    dependencies:
      '@babel/runtime': 7.28.4
      react: 19.2.0
      use-composed-ref: 1.4.0(@types/react@19.2.5)(react@19.2.0)
      use-latest: 1.3.0(@types/react@19.2.5)(react@19.2.0)
    transitivePeerDependencies:
      - '@types/react'

  react-transition-group@4.4.5(react-dom@19.2.0(react@19.2.0))(react@19.2.0):
    dependencies:
      '@babel/runtime': 7.28.4
      dom-helpers: 5.2.1
      loose-envify: 1.4.0
      prop-types: 15.8.1
      react: 19.2.0
      react-dom: 19.2.0(react@19.2.0)

  react@19.2.0: {}

  scheduler@0.27.0: {}

  semver@7.7.3:
    optional: true

  sharp@0.34.5:
    dependencies:
      '@img/colour': 1.0.0
      detect-libc: 2.1.2
      semver: 7.7.3
    optionalDependencies:
      '@img/sharp-darwin-arm64': 0.34.5
      '@img/sharp-darwin-x64': 0.34.5
      '@img/sharp-libvips-darwin-arm64': 1.2.4
      '@img/sharp-libvips-darwin-x64': 1.2.4
      '@img/sharp-libvips-linux-arm': 1.2.4
      '@img/sharp-libvips-linux-arm64': 1.2.4
      '@img/sharp-libvips-linux-ppc64': 1.2.4
      '@img/sharp-libvips-linux-riscv64': 1.2.4
      '@img/sharp-libvips-linux-s390x': 1.2.4
      '@img/sharp-libvips-linux-x64': 1.2.4
      '@img/sharp-libvips-linuxmusl-arm64': 1.2.4
      '@img/sharp-libvips-linuxmusl-x64': 1.2.4
      '@img/sharp-linux-arm': 0.34.5
      '@img/sharp-linux-arm64': 0.34.5
      '@img/sharp-linux-ppc64': 0.34.5
      '@img/sharp-linux-riscv64': 0.34.5
      '@img/sharp-linux-s390x': 0.34.5
      '@img/sharp-linux-x64': 0.34.5
      '@img/sharp-linuxmusl-arm64': 0.34.5
      '@img/sharp-linuxmusl-x64': 0.34.5
      '@img/sharp-wasm32': 0.34.5
      '@img/sharp-win32-arm64': 0.34.5
      '@img/sharp-win32-ia32': 0.34.5
      '@img/sharp-win32-x64': 0.34.5
    optional: true

  source-map-js@1.2.1: {}

  source-map@0.6.1: {}

  styled-jsx@5.1.6(react@19.2.0):
    dependencies:
      client-only: 0.0.1
      react: 19.2.0

  sugarss@5.0.1(postcss@8.5.6):
    dependencies:
      postcss: 8.5.6

  tabbable@6.3.0: {}

  tinyglobby@0.2.15:
    dependencies:
      fdir: 6.5.0(picomatch@4.0.3)
      picomatch: 4.0.3

  tslib@2.8.1: {}

  turbo-darwin-64@2.6.1:
    optional: true

  turbo-darwin-arm64@2.6.1:
    optional: true

  turbo-linux-64@2.6.1:
    optional: true

  turbo-linux-arm64@2.6.1:
    optional: true

  turbo-windows-64@2.6.1:
    optional: true

  turbo-windows-arm64@2.6.1:
    optional: true

  turbo@2.6.1:
    optionalDependencies:
      turbo-darwin-64: 2.6.1
      turbo-darwin-arm64: 2.6.1
      turbo-linux-64: 2.6.1
      turbo-linux-arm64: 2.6.1
      turbo-windows-64: 2.6.1
      turbo-windows-arm64: 2.6.1

  type-fest@4.41.0: {}

  typescript@5.9.3: {}

  uglify-js@3.19.3:
    optional: true

  undici-types@7.16.0: {}

  universalify@2.0.1: {}

  use-callback-ref@1.3.3(@types/react@19.2.5)(react@19.2.0):
    dependencies:
      react: 19.2.0
      tslib: 2.8.1
    optionalDependencies:
      '@types/react': 19.2.5

  use-composed-ref@1.4.0(@types/react@19.2.5)(react@19.2.0):
    dependencies:
      react: 19.2.0
    optionalDependencies:
      '@types/react': 19.2.5

  use-isomorphic-layout-effect@1.2.1(@types/react@19.2.5)(react@19.2.0):
    dependencies:
      react: 19.2.0
    optionalDependencies:
      '@types/react': 19.2.5

  use-latest@1.3.0(@types/react@19.2.5)(react@19.2.0):
    dependencies:
      react: 19.2.0
      use-isomorphic-layout-effect: 1.2.1(@types/react@19.2.5)(react@19.2.0)
    optionalDependencies:
      '@types/react': 19.2.5

  use-sidecar@1.1.3(@types/react@19.2.5)(react@19.2.0):
    dependencies:
      detect-node-es: 1.1.0
      react: 19.2.0
      tslib: 2.8.1
    optionalDependencies:
      '@types/react': 19.2.5

  util-deprecate@1.0.2: {}

  wordwrap@1.0.0: {}
